
Microsoft Visual Studio Solution File, Format Version 12.00
# Visual Studio 15
VisualStudioVersion = 15.0.28010.2041
MinimumVisualStudioVersion = 10.0.40219.1
Project("{FAE04EC0-301F-11D3-BF4B-00C04F79EFBC}") = "HW06_AThayn", "HW06_AThayn\HW06_AThayn.csproj", "{ACB496C2-0C8C-4AEA-A975-951B881EF027}"
EndProject
Global
	GlobalSection(SolutionConfigurationPlatforms) = preSolution
		Debug|Any CPU = Debug|Any CPU
		Release|Any CPU = Release|Any CPU
	EndGlobalSection
	GlobalSection(ProjectConfigurationPlatforms) = postSolution
		{ACB496C2-0C8C-4AEA-A975-951B881EF027}.Debug|Any CPU.ActiveCfg = Debug|Any CPU
		{ACB496C2-0C8C-4AEA-A975-951B881EF027}.Debug|Any CPU.Build.0 = Debug|Any CPU
		{ACB496C2-0C8C-4AEA-A975-951B881EF027}.Release|Any CPU.ActiveCfg = Release|Any CPU
		{ACB496C2-0C8C-4AEA-A975-951B881EF027}.Release|Any CPU.Build.0 = Release|Any CPU
	EndGlobalSection
	GlobalSection(SolutionProperties) = preSolution
		HideSolutionNode = FALSE
	EndGlobalSection
	GlobalSection(ExtensibilityGlobals) = postSolution
		SolutionGuid = {CF444AB6-6408-47DB-9EEA-58E1FF6C844F}
	EndGlobalSection
EndGlobal
